<?xml version="1.0" encoding="utf-8"?>
<Project ToolsVersion="4.0" xmlns="http://schemas.microsoft.com/developer/msbuild/2003">
  <ItemGroup>
    <Filter Include="TestFiles">
      <UniqueIdentifier>{a584fa02-2443-47f4-830f-15cfc6d1e07e}</UniqueIdentifier>
    </Filter>
  </ItemGroup>
  <ItemGroup>
    <Image Include="$(MSBuildThisFileDirectory)TestFiles\Some Image.jpg">
      <Filter>TestFiles</Filter>
    </Image>
  </ItemGroup>
  <ItemGroup>
    <ClCompile Include="$(MSBuildThisFileDirectory)JpgTests.cpp" />
  </ItemGroup>
</Project>